
Microsoft Visual Studio Solution File, Format Version 12.00
# Visual Studio Version 16
VisualStudioVersion = 16.0.30128.74
MinimumVisualStudioVersion = 10.0.40219.1
Project("{FAE04EC0-301F-11D3-BF4B-00C04F79EFBC}") = "CompatibilityExcercise.Standard", "CompatibilityExcercise.Standard\CompatibilityExcercise.Standard.csproj", "{963C8FCC-933C-4CF5-BFE7-8F97192C6E1F}"
EndProject
Project("{FAE04EC0-301F-11D3-BF4B-00C04F79EFBC}") = "CompatibilityExcercise.Framework", "CompatibilityExcercise.Framework\CompatibilityExcercise.Framework.csproj", "{4EF4EED2-DA7F-4BE0-8427-F3E84D7C8442}"
EndProject
Project("{FAE04EC0-301F-11D3-BF4B-00C04F79EFBC}") = "CompatibilityExcercise.Core", "CompatibilityExcercise.Core\CompatibilityExcercise.Core.csproj", "{86D1CDC4-EF9B-43A2-8282-D492783F8E06}"
EndProject
Global
	GlobalSection(SolutionConfigurationPlatforms) = preSolution
		Debug|Any CPU = Debug|Any CPU
		Release|Any CPU = Release|Any CPU
	EndGlobalSection
	GlobalSection(ProjectConfigurationPlatforms) = postSolution
		{963C8FCC-933C-4CF5-BFE7-8F97192C6E1F}.Debug|Any CPU.ActiveCfg = Debug|Any CPU
		{963C8FCC-933C-4CF5-BFE7-8F97192C6E1F}.Debug|Any CPU.Build.0 = Debug|Any CPU
		{963C8FCC-933C-4CF5-BFE7-8F97192C6E1F}.Release|Any CPU.ActiveCfg = Release|Any CPU
		{963C8FCC-933C-4CF5-BFE7-8F97192C6E1F}.Release|Any CPU.Build.0 = Release|Any CPU
		{4EF4EED2-DA7F-4BE0-8427-F3E84D7C8442}.Debug|Any CPU.ActiveCfg = Debug|Any CPU
		{4EF4EED2-DA7F-4BE0-8427-F3E84D7C8442}.Debug|Any CPU.Build.0 = Debug|Any CPU
		{4EF4EED2-DA7F-4BE0-8427-F3E84D7C8442}.Release|Any CPU.ActiveCfg = Release|Any CPU
		{4EF4EED2-DA7F-4BE0-8427-F3E84D7C8442}.Release|Any CPU.Build.0 = Release|Any CPU
		{86D1CDC4-EF9B-43A2-8282-D492783F8E06}.Debug|Any CPU.ActiveCfg = Debug|Any CPU
		{86D1CDC4-EF9B-43A2-8282-D492783F8E06}.Debug|Any CPU.Build.0 = Debug|Any CPU
		{86D1CDC4-EF9B-43A2-8282-D492783F8E06}.Release|Any CPU.ActiveCfg = Release|Any CPU
		{86D1CDC4-EF9B-43A2-8282-D492783F8E06}.Release|Any CPU.Build.0 = Release|Any CPU
	EndGlobalSection
	GlobalSection(SolutionProperties) = preSolution
		HideSolutionNode = FALSE
	EndGlobalSection
	GlobalSection(ExtensibilityGlobals) = postSolution
		SolutionGuid = {49A419F3-B071-400D-854C-5845C9F623CC}
	EndGlobalSection
EndGlobal
